
Microsoft Visual Studio Solution File, Format Version 12.00
# Visual Studio Version 16
VisualStudioVersion = 16.0.28922.388
MinimumVisualStudioVersion = 10.0.40219.1
Project("{FAE04EC0-301F-11D3-BF4B-00C04F79EFBC}") = "CrudAPI", "CrudAPI\CrudAPI.csproj", "{F1BC8170-DE52-437C-A409-9B7D8BC4B766}"
EndProject
Global
	GlobalSection(SolutionConfigurationPlatforms) = preSolution
		Debug|Any CPU = Debug|Any CPU
		Release|Any CPU = Release|Any CPU
	EndGlobalSection
	GlobalSection(ProjectConfigurationPlatforms) = postSolution
		{F1BC8170-DE52-437C-A409-9B7D8BC4B766}.Debug|Any CPU.ActiveCfg = Debug|Any CPU
		{F1BC8170-DE52-437C-A409-9B7D8BC4B766}.Debug|Any CPU.Build.0 = Debug|Any CPU
		{F1BC8170-DE52-437C-A409-9B7D8BC4B766}.Release|Any CPU.ActiveCfg = Release|Any CPU
		{F1BC8170-DE52-437C-A409-9B7D8BC4B766}.Release|Any CPU.Build.0 = Release|Any CPU
	EndGlobalSection
	GlobalSection(SolutionProperties) = preSolution
		HideSolutionNode = FALSE
	EndGlobalSection
	GlobalSection(ExtensibilityGlobals) = postSolution
		SolutionGuid = {78969B9A-E062-4640-87A8-BC4B40A9C163}
	EndGlobalSection
EndGlobal
